
Microsoft Visual Studio Solution File, Format Version 12.00
# Visual Studio 15
Project("{FAE04EC0-301F-11D3-BF4B-00C04F79EFBC}") = "Assembly-CSharp", "Assembly-CSharp.csproj", "{6773002B-9528-AEBC-469F-3595626C9494}"
EndProject
Project("{FAE04EC0-301F-11D3-BF4B-00C04F79EFBC}") = "Oculus.VR", "Oculus.VR.csproj", "{003A4FCC-F21E-81CC-0AEE-7912A1E3A4C9}"
EndProject
Project("{FAE04EC0-301F-11D3-BF4B-00C04F79EFBC}") = "Assembly-CSharp-Editor", "Assembly-CSharp-Editor.csproj", "{5389EC7D-67B4-FB02-2514-756799CD0159}"
EndProject
Project("{FAE04EC0-301F-11D3-BF4B-00C04F79EFBC}") = "Oculus.VR.Scripts.Editor", "Oculus.VR.Scripts.Editor.csproj", "{A3561149-CE6D-DBA6-2341-347D4101160C}"
EndProject
Project("{FAE04EC0-301F-11D3-BF4B-00C04F79EFBC}") = "Oculus.VR.Editor", "Oculus.VR.Editor.csproj", "{E4FAB68A-2443-225D-7832-FE569526AD02}"
EndProject
Project("{FAE04EC0-301F-11D3-BF4B-00C04F79EFBC}") = "Assembly-CSharp-Editor-firstpass", "Assembly-CSharp-Editor-firstpass.csproj", "{E71FDD94-A9A6-E308-915A-B90CD76E29F2}"
EndProject
Global
	GlobalSection(SolutionConfigurationPlatforms) = preSolution
		Debug|Any CPU = Debug|Any CPU
		Release|Any CPU = Release|Any CPU
	EndGlobalSection
	GlobalSection(ProjectConfigurationPlatforms) = postSolution
		{6773002B-9528-AEBC-469F-3595626C9494}.Debug|Any CPU.ActiveCfg = Debug|Any CPU
		{6773002B-9528-AEBC-469F-3595626C9494}.Debug|Any CPU.Build.0 = Debug|Any CPU
		{6773002B-9528-AEBC-469F-3595626C9494}.Release|Any CPU.ActiveCfg = Release|Any CPU
		{6773002B-9528-AEBC-469F-3595626C9494}.Release|Any CPU.Build.0 = Release|Any CPU
		{003A4FCC-F21E-81CC-0AEE-7912A1E3A4C9}.Debug|Any CPU.ActiveCfg = Debug|Any CPU
		{003A4FCC-F21E-81CC-0AEE-7912A1E3A4C9}.Debug|Any CPU.Build.0 = Debug|Any CPU
		{003A4FCC-F21E-81CC-0AEE-7912A1E3A4C9}.Release|Any CPU.ActiveCfg = Release|Any CPU
		{003A4FCC-F21E-81CC-0AEE-7912A1E3A4C9}.Release|Any CPU.Build.0 = Release|Any CPU
		{5389EC7D-67B4-FB02-2514-756799CD0159}.Debug|Any CPU.ActiveCfg = Debug|Any CPU
		{5389EC7D-67B4-FB02-2514-756799CD0159}.Debug|Any CPU.Build.0 = Debug|Any CPU
		{5389EC7D-67B4-FB02-2514-756799CD0159}.Release|Any CPU.ActiveCfg = Release|Any CPU
		{5389EC7D-67B4-FB02-2514-756799CD0159}.Release|Any CPU.Build.0 = Release|Any CPU
		{A3561149-CE6D-DBA6-2341-347D4101160C}.Debug|Any CPU.ActiveCfg = Debug|Any CPU
		{A3561149-CE6D-DBA6-2341-347D4101160C}.Debug|Any CPU.Build.0 = Debug|Any CPU
		{A3561149-CE6D-DBA6-2341-347D4101160C}.Release|Any CPU.ActiveCfg = Release|Any CPU
		{A3561149-CE6D-DBA6-2341-347D4101160C}.Release|Any CPU.Build.0 = Release|Any CPU
		{E4FAB68A-2443-225D-7832-FE569526AD02}.Debug|Any CPU.ActiveCfg = Debug|Any CPU
		{E4FAB68A-2443-225D-7832-FE569526AD02}.Debug|Any CPU.Build.0 = Debug|Any CPU
		{E4FAB68A-2443-225D-7832-FE569526AD02}.Release|Any CPU.ActiveCfg = Release|Any CPU
		{E4FAB68A-2443-225D-7832-FE569526AD02}.Release|Any CPU.Build.0 = Release|Any CPU
		{E71FDD94-A9A6-E308-915A-B90CD76E29F2}.Debug|Any CPU.ActiveCfg = Debug|Any CPU
		{E71FDD94-A9A6-E308-915A-B90CD76E29F2}.Debug|Any CPU.Build.0 = Debug|Any CPU
		{E71FDD94-A9A6-E308-915A-B90CD76E29F2}.Release|Any CPU.ActiveCfg = Release|Any CPU
		{E71FDD94-A9A6-E308-915A-B90CD76E29F2}.Release|Any CPU.Build.0 = Release|Any CPU
	EndGlobalSection
	GlobalSection(SolutionProperties) = preSolution
		HideSolutionNode = FALSE
	EndGlobalSection
EndGlobal
